
Microsoft Visual Studio Solution File, Format Version 12.00
# Visual Studio Version 16
VisualStudioVersion = 16.0.28729.10
MinimumVisualStudioVersion = 10.0.40219.1
Project("{FAE04EC0-301F-11D3-BF4B-00C04F79EFBC}") = "CountingSheeps", "CountingSheeps\CountingSheeps.csproj", "{DA5E5C25-2D0D-4424-A795-8D77C59D301C}"
EndProject
Global
	GlobalSection(SolutionConfigurationPlatforms) = preSolution
		Debug|Any CPU = Debug|Any CPU
		Release|Any CPU = Release|Any CPU
	EndGlobalSection
	GlobalSection(ProjectConfigurationPlatforms) = postSolution
		{DA5E5C25-2D0D-4424-A795-8D77C59D301C}.Debug|Any CPU.ActiveCfg = Debug|Any CPU
		{DA5E5C25-2D0D-4424-A795-8D77C59D301C}.Debug|Any CPU.Build.0 = Debug|Any CPU
		{DA5E5C25-2D0D-4424-A795-8D77C59D301C}.Release|Any CPU.ActiveCfg = Release|Any CPU
		{DA5E5C25-2D0D-4424-A795-8D77C59D301C}.Release|Any CPU.Build.0 = Release|Any CPU
	EndGlobalSection
	GlobalSection(SolutionProperties) = preSolution
		HideSolutionNode = FALSE
	EndGlobalSection
	GlobalSection(ExtensibilityGlobals) = postSolution
		SolutionGuid = {7AA8E8DE-DDF6-457F-8AD1-DC9C36E58EB5}
	EndGlobalSection
EndGlobal
